
Microsoft Visual Studio Solution File, Format Version 12.00
# Visual Studio Version 17
VisualStudioVersion = 17.0.31903.59
MinimumVisualStudioVersion = 10.0.40219.1
Project("{FAE04EC0-301F-11D3-BF4B-00C04F79EFBC}") = "BackendApplication.Contracts", "BackendApplication.Contracts\BackendApplication.Contracts.csproj", "{E3356B12-F46F-4450-9B14-E13B8A8D01A0}"
EndProject
Project("{FAE04EC0-301F-11D3-BF4B-00C04F79EFBC}") = "BackendApplication", "BackendApplication\BackendApplication.csproj", "{E3448A67-83FC-475E-B54D-9B8DB56CAB04}"
EndProject
Global
	GlobalSection(SolutionConfigurationPlatforms) = preSolution
		Debug|Any CPU = Debug|Any CPU
		Release|Any CPU = Release|Any CPU
	EndGlobalSection
	GlobalSection(SolutionProperties) = preSolution
		HideSolutionNode = FALSE
	EndGlobalSection
	GlobalSection(ProjectConfigurationPlatforms) = postSolution
		{E3356B12-F46F-4450-9B14-E13B8A8D01A0}.Debug|Any CPU.ActiveCfg = Debug|Any CPU
		{E3356B12-F46F-4450-9B14-E13B8A8D01A0}.Debug|Any CPU.Build.0 = Debug|Any CPU
		{E3356B12-F46F-4450-9B14-E13B8A8D01A0}.Release|Any CPU.ActiveCfg = Release|Any CPU
		{E3356B12-F46F-4450-9B14-E13B8A8D01A0}.Release|Any CPU.Build.0 = Release|Any CPU
		{E3448A67-83FC-475E-B54D-9B8DB56CAB04}.Debug|Any CPU.ActiveCfg = Debug|Any CPU
		{E3448A67-83FC-475E-B54D-9B8DB56CAB04}.Debug|Any CPU.Build.0 = Debug|Any CPU
		{E3448A67-83FC-475E-B54D-9B8DB56CAB04}.Release|Any CPU.ActiveCfg = Release|Any CPU
		{E3448A67-83FC-475E-B54D-9B8DB56CAB04}.Release|Any CPU.Build.0 = Release|Any CPU
	EndGlobalSection
EndGlobal
